
Microsoft Visual Studio Solution File, Format Version 12.00
# Visual Studio Version 17
VisualStudioVersion = 17.0.32014.148
MinimumVisualStudioVersion = 10.0.40219.1
Project("{9A19103F-16F7-4668-BE54-9A1E7A4F7556}") = "QueueProducer", "MessageBatching\QueueProducer.csproj", "{A3A2FFEE-986D-4E25-81E5-082E4F0B7DF3}"
EndProject
Project("{9A19103F-16F7-4668-BE54-9A1E7A4F7556}") = "QueueConsumer", "QueueConsumer\QueueConsumer.csproj", "{B373D5B1-76F6-4F35-B25E-EC44820FC241}"
EndProject
Project("{E53339B2-1760-4266-BCC7-CA923CBCF16C}") = "docker-compose", "docker-compose.dcproj", "{0EA786A1-6870-4FAD-8CD7-1D5418400A91}"
EndProject
Project("{9A19103F-16F7-4668-BE54-9A1E7A4F7556}") = "Domain", "Domain\Domain.csproj", "{5C798464-79FE-4BB9-81EA-074B3209D3CD}"
EndProject
Global
	GlobalSection(SolutionConfigurationPlatforms) = preSolution
		Debug|Any CPU = Debug|Any CPU
		Release|Any CPU = Release|Any CPU
	EndGlobalSection
	GlobalSection(ProjectConfigurationPlatforms) = postSolution
		{A3A2FFEE-986D-4E25-81E5-082E4F0B7DF3}.Debug|Any CPU.ActiveCfg = Debug|Any CPU
		{A3A2FFEE-986D-4E25-81E5-082E4F0B7DF3}.Debug|Any CPU.Build.0 = Debug|Any CPU
		{A3A2FFEE-986D-4E25-81E5-082E4F0B7DF3}.Release|Any CPU.ActiveCfg = Release|Any CPU
		{A3A2FFEE-986D-4E25-81E5-082E4F0B7DF3}.Release|Any CPU.Build.0 = Release|Any CPU
		{B373D5B1-76F6-4F35-B25E-EC44820FC241}.Debug|Any CPU.ActiveCfg = Debug|Any CPU
		{B373D5B1-76F6-4F35-B25E-EC44820FC241}.Debug|Any CPU.Build.0 = Debug|Any CPU
		{B373D5B1-76F6-4F35-B25E-EC44820FC241}.Release|Any CPU.ActiveCfg = Release|Any CPU
		{B373D5B1-76F6-4F35-B25E-EC44820FC241}.Release|Any CPU.Build.0 = Release|Any CPU
		{0EA786A1-6870-4FAD-8CD7-1D5418400A91}.Debug|Any CPU.ActiveCfg = Debug|Any CPU
		{0EA786A1-6870-4FAD-8CD7-1D5418400A91}.Debug|Any CPU.Build.0 = Debug|Any CPU
		{0EA786A1-6870-4FAD-8CD7-1D5418400A91}.Release|Any CPU.ActiveCfg = Release|Any CPU
		{0EA786A1-6870-4FAD-8CD7-1D5418400A91}.Release|Any CPU.Build.0 = Release|Any CPU
		{5C798464-79FE-4BB9-81EA-074B3209D3CD}.Debug|Any CPU.ActiveCfg = Debug|Any CPU
		{5C798464-79FE-4BB9-81EA-074B3209D3CD}.Debug|Any CPU.Build.0 = Debug|Any CPU
		{5C798464-79FE-4BB9-81EA-074B3209D3CD}.Release|Any CPU.ActiveCfg = Release|Any CPU
		{5C798464-79FE-4BB9-81EA-074B3209D3CD}.Release|Any CPU.Build.0 = Release|Any CPU
	EndGlobalSection
	GlobalSection(SolutionProperties) = preSolution
		HideSolutionNode = FALSE
	EndGlobalSection
	GlobalSection(ExtensibilityGlobals) = postSolution
		SolutionGuid = {9FD58640-8F8B-453C-8DF9-56979E539C73}
	EndGlobalSection
EndGlobal
